{
	"name": "@cruhl/data",
	"version": "0.0.0",
	"lockfileVersion": 1,
	"requires": true,
	"dependencies": {
		"@morphism/fp": {
			"version": "0.0.1-alpha.9",
			"resolved": "https://registry.npmjs.org/@morphism/fp/-/fp-0.0.1-alpha.9.tgz",
			"integrity": "sha512-MOEBmnd93+1p903Is7AqR+EIOHtr8YshPRVw4nKNfpAOnpAKhmgUR86oX4jo2eiZLWttftYFx6Z/nWcJZqwa1g==",
			"dev": true
		},
		"@types/uuid": {
			"version": "7.0.2",
			"resolved": "https://registry.npmjs.org/@types/uuid/-/uuid-7.0.2.tgz",
			"integrity": "sha512-8Ly3zIPTnT0/8RCU6Kg/G3uTICf9sRwYOpUzSIM3503tLIKcnJPRuinHhXngJUy2MntrEf6dlpOHXJju90Qh5w==",
			"dev": true
		},
		"fp-ts": {
			"version": "2.5.3",
			"resolved": "https://registry.npmjs.org/fp-ts/-/fp-ts-2.5.3.tgz",
			"integrity": "sha512-lQd+hahLd8cygNoXbEHDjH/cbF6XVWlEPb8h5GXXlozjCSDxWgclvkpOoTRfBA0P+r69l9VvW1nEsSGIJRQpWw==",
			"dev": true
		},
		"io-ts": {
			"version": "2.1.2",
			"resolved": "https://registry.npmjs.org/io-ts/-/io-ts-2.1.2.tgz",
			"integrity": "sha512-whVRGaNBZSrkPrg1y+sSy/kv/fDjweQPP1UCLhKwJUHWGD6rFgbZ44FBF98JlY/FFzTA0MkhGeHWZ/aFhF42eA==",
			"dev": true
		},
		"uuid": {
			"version": "7.0.3",
			"resolved": "https://registry.npmjs.org/uuid/-/uuid-7.0.3.tgz",
			"integrity": "sha512-DPSke0pXhTZgoF/d+WSt2QaKMCFSfx7QegxEWT+JOuHF5aWrKEn0G+ztjuJg/gG8/ItK+rbPCD/yNv8yyih6Cg=="
		}
	}
}
