{
  "name": "@morphism/fp",
  "version": "0.0.0",
  "lockfileVersion": 1,
  "requires": true,
  "dependencies": {
    "fp-ts": {
      "version": "2.5.3",
      "resolved": "https://registry.npmjs.org/fp-ts/-/fp-ts-2.5.3.tgz",
      "integrity": "sha512-lQd+hahLd8cygNoXbEHDjH/cbF6XVWlEPb8h5GXXlozjCSDxWgclvkpOoTRfBA0P+r69l9VvW1nEsSGIJRQpWw==",
      "dev": true
    },
    "io-ts": {
      "version": "2.1.2",
      "resolved": "https://registry.npmjs.org/io-ts/-/io-ts-2.1.2.tgz",
      "integrity": "sha512-whVRGaNBZSrkPrg1y+sSy/kv/fDjweQPP1UCLhKwJUHWGD6rFgbZ44FBF98JlY/FFzTA0MkhGeHWZ/aFhF42eA==",
      "dev": true
    }
  }
}
